
Microsoft Visual Studio Solution File, Format Version 12.00
# Visual Studio 15
VisualStudioVersion = 15.0.26730.15
MinimumVisualStudioVersion = 10.0.40219.1
Project("{FAE04EC0-301F-11D3-BF4B-00C04F79EFBC}") = "CsgoDemoRenderer", "CsgoDemoRenderer\CsgoDemoRenderer.csproj", "{17399FAA-73A1-4164-951E-18CF7CD2C9B2}"
EndProject
Global
	GlobalSection(SolutionConfigurationPlatforms) = preSolution
		Debug|Any CPU = Debug|Any CPU
		Release|Any CPU = Release|Any CPU
	EndGlobalSection
	GlobalSection(ProjectConfigurationPlatforms) = postSolution
		{17399FAA-73A1-4164-951E-18CF7CD2C9B2}.Debug|Any CPU.ActiveCfg = Debug|Any CPU
		{17399FAA-73A1-4164-951E-18CF7CD2C9B2}.Debug|Any CPU.Build.0 = Debug|Any CPU
		{17399FAA-73A1-4164-951E-18CF7CD2C9B2}.Release|Any CPU.ActiveCfg = Release|Any CPU
		{17399FAA-73A1-4164-951E-18CF7CD2C9B2}.Release|Any CPU.Build.0 = Release|Any CPU
	EndGlobalSection
	GlobalSection(SolutionProperties) = preSolution
		HideSolutionNode = FALSE
	EndGlobalSection
	GlobalSection(ExtensibilityGlobals) = postSolution
		SolutionGuid = {B6679BB1-F1FA-4911-A5B0-B5D205F8B30C}
	EndGlobalSection
EndGlobal
