
Microsoft Visual Studio Solution File, Format Version 12.00
# Visual Studio 15
VisualStudioVersion = 15.0.27130.2036
MinimumVisualStudioVersion = 10.0.40219.1
Project("{FAE04EC0-301F-11D3-BF4B-00C04F79EFBC}") = "MapLoader", "MapLoader\MapLoader.csproj", "{D7BAD457-02D2-4BDC-B291-86465C7884DD}"
EndProject
Project("{FAE04EC0-301F-11D3-BF4B-00C04F79EFBC}") = "Bsp", "Bsp\Bsp.csproj", "{340294D4-F985-4A22-AF1D-F08E61974F8A}"
EndProject
Project("{FAE04EC0-301F-11D3-BF4B-00C04F79EFBC}") = "Util", "Util\Util.csproj", "{D2E559CB-D775-439D-AAE7-77015092C365}"
EndProject
Project("{FAE04EC0-301F-11D3-BF4B-00C04F79EFBC}") = "ValveTextureFormat", "Vtf\ValveTextureFormat.csproj", "{05BFE36D-F069-4AD0-B945-A8AA8A528490}"
EndProject
Project("{FAE04EC0-301F-11D3-BF4B-00C04F79EFBC}") = "ValvePak", "ValvePak\ValvePak.csproj", "{4BD929FD-8581-44D7-870D-919E566B3C10}"
EndProject
Global
	GlobalSection(SolutionConfigurationPlatforms) = preSolution
		Debug|Any CPU = Debug|Any CPU
		Release|Any CPU = Release|Any CPU
	EndGlobalSection
	GlobalSection(ProjectConfigurationPlatforms) = postSolution
		{D7BAD457-02D2-4BDC-B291-86465C7884DD}.Debug|Any CPU.ActiveCfg = Debug|Any CPU
		{D7BAD457-02D2-4BDC-B291-86465C7884DD}.Debug|Any CPU.Build.0 = Debug|Any CPU
		{D7BAD457-02D2-4BDC-B291-86465C7884DD}.Release|Any CPU.ActiveCfg = Release|Any CPU
		{D7BAD457-02D2-4BDC-B291-86465C7884DD}.Release|Any CPU.Build.0 = Release|Any CPU
		{340294D4-F985-4A22-AF1D-F08E61974F8A}.Debug|Any CPU.ActiveCfg = Debug|Any CPU
		{340294D4-F985-4A22-AF1D-F08E61974F8A}.Debug|Any CPU.Build.0 = Debug|Any CPU
		{340294D4-F985-4A22-AF1D-F08E61974F8A}.Release|Any CPU.ActiveCfg = Release|Any CPU
		{340294D4-F985-4A22-AF1D-F08E61974F8A}.Release|Any CPU.Build.0 = Release|Any CPU
		{D2E559CB-D775-439D-AAE7-77015092C365}.Debug|Any CPU.ActiveCfg = Debug|Any CPU
		{D2E559CB-D775-439D-AAE7-77015092C365}.Debug|Any CPU.Build.0 = Debug|Any CPU
		{D2E559CB-D775-439D-AAE7-77015092C365}.Release|Any CPU.ActiveCfg = Release|Any CPU
		{D2E559CB-D775-439D-AAE7-77015092C365}.Release|Any CPU.Build.0 = Release|Any CPU
		{05BFE36D-F069-4AD0-B945-A8AA8A528490}.Debug|Any CPU.ActiveCfg = Debug|Any CPU
		{05BFE36D-F069-4AD0-B945-A8AA8A528490}.Debug|Any CPU.Build.0 = Debug|Any CPU
		{05BFE36D-F069-4AD0-B945-A8AA8A528490}.Release|Any CPU.ActiveCfg = Release|Any CPU
		{05BFE36D-F069-4AD0-B945-A8AA8A528490}.Release|Any CPU.Build.0 = Release|Any CPU
		{4BD929FD-8581-44D7-870D-919E566B3C10}.Debug|Any CPU.ActiveCfg = Debug|Any CPU
		{4BD929FD-8581-44D7-870D-919E566B3C10}.Debug|Any CPU.Build.0 = Debug|Any CPU
		{4BD929FD-8581-44D7-870D-919E566B3C10}.Release|Any CPU.ActiveCfg = Release|Any CPU
		{4BD929FD-8581-44D7-870D-919E566B3C10}.Release|Any CPU.Build.0 = Release|Any CPU
	EndGlobalSection
	GlobalSection(SolutionProperties) = preSolution
		HideSolutionNode = FALSE
	EndGlobalSection
	GlobalSection(ExtensibilityGlobals) = postSolution
		SolutionGuid = {B6679BB1-F1FA-4911-A5B0-B5D205F8B30C}
	EndGlobalSection
EndGlobal
